
Microsoft Visual Studio Solution File, Format Version 12.00
# Visual Studio Version 16
VisualStudioVersion = 16.0.32002.261
MinimumVisualStudioVersion = 10.0.40219.1
Project("{8BC9CEB8-8B4A-11D0-8D11-00A0C91BC942}") = "归并排序", "归并排序\归并排序.vcxproj", "{6C671518-F09B-4B39-95E5-F02CC6D7314C}"
EndProject
Global
	GlobalSection(SolutionConfigurationPlatforms) = preSolution
		Debug|x64 = Debug|x64
		Debug|x86 = Debug|x86
		Release|x64 = Release|x64
		Release|x86 = Release|x86
	EndGlobalSection
	GlobalSection(ProjectConfigurationPlatforms) = postSolution
		{6C671518-F09B-4B39-95E5-F02CC6D7314C}.Debug|x64.ActiveCfg = Debug|x64
		{6C671518-F09B-4B39-95E5-F02CC6D7314C}.Debug|x64.Build.0 = Debug|x64
		{6C671518-F09B-4B39-95E5-F02CC6D7314C}.Debug|x86.ActiveCfg = Debug|Win32
		{6C671518-F09B-4B39-95E5-F02CC6D7314C}.Debug|x86.Build.0 = Debug|Win32
		{6C671518-F09B-4B39-95E5-F02CC6D7314C}.Release|x64.ActiveCfg = Release|x64
		{6C671518-F09B-4B39-95E5-F02CC6D7314C}.Release|x64.Build.0 = Release|x64
		{6C671518-F09B-4B39-95E5-F02CC6D7314C}.Release|x86.ActiveCfg = Release|Win32
		{6C671518-F09B-4B39-95E5-F02CC6D7314C}.Release|x86.Build.0 = Release|Win32
	EndGlobalSection
	GlobalSection(SolutionProperties) = preSolution
		HideSolutionNode = FALSE
	EndGlobalSection
	GlobalSection(ExtensibilityGlobals) = postSolution
		SolutionGuid = {385A9D02-E8B6-47A2-B940-0FFC04EF3520}
	EndGlobalSection
EndGlobal
